// !$*UTF8*$!
{
	archiveVersion = 1;
	classes = {
	};
	objectVersion = 56;
	objects = {

/* Begin PBXBuildFile section */
		226AB1344047EE5AA81C1896 /* Pods_MealPicker.framework in Frameworks */ = {isa = PBXBuildFile; fileRef = FB8CAB3984EB95DB62AFBAC9 /* Pods_MealPicker.framework */; };
		A856760D290D05E2007F8861 /* FoodDetail.swift in Sources */ = {isa = PBXBuildFile; fileRef = A856760C290D05E2007F8861 /* FoodDetail.swift */; };
		A86C7E5F290F913300B971F8 /* FoodList.csv in Resources */ = {isa = PBXBuildFile; fileRef = A86C7E5E290F913300B971F8 /* FoodList.csv */; };
		A879D87E2914EB90001EEC62 /* LoadingViewController.swift in Sources */ = {isa = PBXBuildFile; fileRef = A879D87D2914EB90001EEC62 /* LoadingViewController.swift */; };
		A879D8802914EF81001EEC62 /* ResultViewController.swift in Sources */ = {isa = PBXBuildFile; fileRef = A879D87F2914EF81001EEC62 /* ResultViewController.swift */; };
		A87DB4D12916747900714BAC /* OptionViewController.swift in Sources */ = {isa = PBXBuildFile; fileRef = A87DB4D02916747900714BAC /* OptionViewController.swift */; };
		A883B7B72910EAE90008808B /* .swiftlint.yml in Resources */ = {isa = PBXBuildFile; fileRef = A883B7B62910EAE90008808B /* .swiftlint.yml */; };
		A883B7BB291105650008808B /* TwoOptionsViewController.swift in Sources */ = {isa = PBXBuildFile; fileRef = A883B7BA291105650008808B /* TwoOptionsViewController.swift */; };
		A883B7C329117B110008808B /* RoundImageView.swift in Sources */ = {isa = PBXBuildFile; fileRef = A883B7C229117B110008808B /* RoundImageView.swift */; };
		A883B7C72914C5F00008808B /* ThreeOptionsViewController.swift in Sources */ = {isa = PBXBuildFile; fileRef = A883B7C62914C5F00008808B /* ThreeOptionsViewController.swift */; };
		A883B7C92914D3900008808B /* FourOptionsViewController.swift in Sources */ = {isa = PBXBuildFile; fileRef = A883B7C82914D3900008808B /* FourOptionsViewController.swift */; };
		A883B7CB2914D9D80008808B /* FiveOptionsViewController.swift in Sources */ = {isa = PBXBuildFile; fileRef = A883B7CA2914D9D80008808B /* FiveOptionsViewController.swift */; };
		A8A3E6DA291A0E6A00EA68B7 /* result_pop.json in Resources */ = {isa = PBXBuildFile; fileRef = A8A3E6D9291A0E6900EA68B7 /* result_pop.json */; };
		A8CBE33F2939A32500A1593E /* reroll_pop.json in Resources */ = {isa = PBXBuildFile; fileRef = A8CBE33E2939A32400A1593E /* reroll_pop.json */; };
		A8CBE3432939A32F00A1593E /* loading_cooking.json in Resources */ = {isa = PBXBuildFile; fileRef = A8CBE3402939A32F00A1593E /* loading_cooking.json */; };
		A8CBE3442939A32F00A1593E /* loading_cooking2.json in Resources */ = {isa = PBXBuildFile; fileRef = A8CBE3412939A32F00A1593E /* loading_cooking2.json */; };
		A8CBE3452939A32F00A1593E /* loading_thinking.json in Resources */ = {isa = PBXBuildFile; fileRef = A8CBE3422939A32F00A1593E /* loading_thinking.json */; };
		A8CBE3472939BA4300A1593E /* InfoViewController.swift in Sources */ = {isa = PBXBuildFile; fileRef = A8CBE3462939BA4300A1593E /* InfoViewController.swift */; };
		A8E98E76292394450031B854 /* CoreLocation.framework in Frameworks */ = {isa = PBXBuildFile; fileRef = A8E98E75292394450031B854 /* CoreLocation.framework */; };
		A8FD5A56290A5AC900BC4033 /* AppDelegate.swift in Sources */ = {isa = PBXBuildFile; fileRef = A8FD5A55290A5AC900BC4033 /* AppDelegate.swift */; };
		A8FD5A58290A5AC900BC4033 /* SceneDelegate.swift in Sources */ = {isa = PBXBuildFile; fileRef = A8FD5A57290A5AC900BC4033 /* SceneDelegate.swift */; };
		A8FD5A5A290A5AC900BC4033 /* ViewController.swift in Sources */ = {isa = PBXBuildFile; fileRef = A8FD5A59290A5AC900BC4033 /* ViewController.swift */; };
		A8FD5A5D290A5AC900BC4033 /* Main.storyboard in Resources */ = {isa = PBXBuildFile; fileRef = A8FD5A5B290A5AC900BC4033 /* Main.storyboard */; };
		A8FD5A5F290A5ACA00BC4033 /* Assets.xcassets in Resources */ = {isa = PBXBuildFile; fileRef = A8FD5A5E290A5ACA00BC4033 /* Assets.xcassets */; };
		A8FD5A62290A5ACA00BC4033 /* LaunchScreen.storyboard in Resources */ = {isa = PBXBuildFile; fileRef = A8FD5A60290A5ACA00BC4033 /* LaunchScreen.storyboard */; };
/* End PBXBuildFile section */

/* Begin PBXFileReference section */
		6B14FFBF5CEFF413B9AB8763 /* Pods-MealPicker.debug.xcconfig */ = {isa = PBXFileReference; includeInIndex = 1; lastKnownFileType = text.xcconfig; name = "Pods-MealPicker.debug.xcconfig"; path = "Target Support Files/Pods-MealPicker/Pods-MealPicker.debug.xcconfig"; sourceTree = "<group>"; };
		72E7DFE80BAE13AF4F523323 /* Pods-MealPicker.release.xcconfig */ = {isa = PBXFileReference; includeInIndex = 1; lastKnownFileType = text.xcconfig; name = "Pods-MealPicker.release.xcconfig"; path = "Target Support Files/Pods-MealPicker/Pods-MealPicker.release.xcconfig"; sourceTree = "<group>"; };
		A856760C290D05E2007F8861 /* FoodDetail.swift */ = {isa = PBXFileReference; lastKnownFileType = sourcecode.swift; path = FoodDetail.swift; sourceTree = "<group>"; };
		A86C7E5E290F913300B971F8 /* FoodList.csv */ = {isa = PBXFileReference; fileEncoding = 4; lastKnownFileType = text; path = FoodList.csv; sourceTree = "<group>"; };
		A879D87D2914EB90001EEC62 /* LoadingViewController.swift */ = {isa = PBXFileReference; lastKnownFileType = sourcecode.swift; path = LoadingViewController.swift; sourceTree = "<group>"; };
		A879D87F2914EF81001EEC62 /* ResultViewController.swift */ = {isa = PBXFileReference; lastKnownFileType = sourcecode.swift; path = ResultViewController.swift; sourceTree = "<group>"; };
		A87DB4D02916747900714BAC /* OptionViewController.swift */ = {isa = PBXFileReference; lastKnownFileType = sourcecode.swift; path = OptionViewController.swift; sourceTree = "<group>"; };
		A883B7B62910EAE90008808B /* .swiftlint.yml */ = {isa = PBXFileReference; lastKnownFileType = text.yaml; path = .swiftlint.yml; sourceTree = "<group>"; };
		A883B7BA291105650008808B /* TwoOptionsViewController.swift */ = {isa = PBXFileReference; lastKnownFileType = sourcecode.swift; path = TwoOptionsViewController.swift; sourceTree = "<group>"; };
		A883B7C229117B110008808B /* RoundImageView.swift */ = {isa = PBXFileReference; lastKnownFileType = sourcecode.swift; path = RoundImageView.swift; sourceTree = "<group>"; };
		A883B7C62914C5F00008808B /* ThreeOptionsViewController.swift */ = {isa = PBXFileReference; lastKnownFileType = sourcecode.swift; path = ThreeOptionsViewController.swift; sourceTree = "<group>"; };
		A883B7C82914D3900008808B /* FourOptionsViewController.swift */ = {isa = PBXFileReference; lastKnownFileType = sourcecode.swift; path = FourOptionsViewController.swift; sourceTree = "<group>"; };
		A883B7CA2914D9D80008808B /* FiveOptionsViewController.swift */ = {isa = PBXFileReference; lastKnownFileType = sourcecode.swift; path = FiveOptionsViewController.swift; sourceTree = "<group>"; };
		A8A3E6D9291A0E6900EA68B7 /* result_pop.json */ = {isa = PBXFileReference; fileEncoding = 4; lastKnownFileType = text.json; path = result_pop.json; sourceTree = "<group>"; };
		A8CBE33E2939A32400A1593E /* reroll_pop.json */ = {isa = PBXFileReference; fileEncoding = 4; lastKnownFileType = text.json; name = reroll_pop.json; path = "../../../../../Downloads/BW-iOS_Projects/iOS_MealPicker_Project_Details/assets/lottieFiles/reroll_pop.json"; sourceTree = "<group>"; };
		A8CBE3402939A32F00A1593E /* loading_cooking.json */ = {isa = PBXFileReference; fileEncoding = 4; lastKnownFileType = text.json; path = loading_cooking.json; sourceTree = "<group>"; };
		A8CBE3412939A32F00A1593E /* loading_cooking2.json */ = {isa = PBXFileReference; fileEncoding = 4; lastKnownFileType = text.json; path = loading_cooking2.json; sourceTree = "<group>"; };
		A8CBE3422939A32F00A1593E /* loading_thinking.json */ = {isa = PBXFileReference; fileEncoding = 4; lastKnownFileType = text.json; path = loading_thinking.json; sourceTree = "<group>"; };
		A8CBE3462939BA4300A1593E /* InfoViewController.swift */ = {isa = PBXFileReference; lastKnownFileType = sourcecode.swift; path = InfoViewController.swift; sourceTree = "<group>"; };
		A8E98E75292394450031B854 /* CoreLocation.framework */ = {isa = PBXFileReference; lastKnownFileType = wrapper.framework; name = CoreLocation.framework; path = System/Library/Frameworks/CoreLocation.framework; sourceTree = SDKROOT; };
		A8FD5A52290A5AC900BC4033 /* MealPicker.app */ = {isa = PBXFileReference; explicitFileType = wrapper.application; includeInIndex = 0; path = MealPicker.app; sourceTree = BUILT_PRODUCTS_DIR; };
		A8FD5A55290A5AC900BC4033 /* AppDelegate.swift */ = {isa = PBXFileReference; lastKnownFileType = sourcecode.swift; path = AppDelegate.swift; sourceTree = "<group>"; };
		A8FD5A57290A5AC900BC4033 /* SceneDelegate.swift */ = {isa = PBXFileReference; lastKnownFileType = sourcecode.swift; path = SceneDelegate.swift; sourceTree = "<group>"; };
		A8FD5A59290A5AC900BC4033 /* ViewController.swift */ = {isa = PBXFileReference; lastKnownFileType = sourcecode.swift; path = ViewController.swift; sourceTree = "<group>"; };
		A8FD5A5C290A5AC900BC4033 /* Base */ = {isa = PBXFileReference; lastKnownFileType = file.storyboard; name = Base; path = Base.lproj/Main.storyboard; sourceTree = "<group>"; };
		A8FD5A5E290A5ACA00BC4033 /* Assets.xcassets */ = {isa = PBXFileReference; lastKnownFileType = folder.assetcatalog; path = Assets.xcassets; sourceTree = "<group>"; };
		A8FD5A61290A5ACA00BC4033 /* Base */ = {isa = PBXFileReference; lastKnownFileType = file.storyboard; name = Base; path = Base.lproj/LaunchScreen.storyboard; sourceTree = "<group>"; };
		A8FD5A63290A5ACA00BC4033 /* Info.plist */ = {isa = PBXFileReference; lastKnownFileType = text.plist.xml; path = Info.plist; sourceTree = "<group>"; };
		FB8CAB3984EB95DB62AFBAC9 /* Pods_MealPicker.framework */ = {isa = PBXFileReference; explicitFileType = wrapper.framework; includeInIndex = 0; path = Pods_MealPicker.framework; sourceTree = BUILT_PRODUCTS_DIR; };
/* End PBXFileReference section */

/* Begin PBXFrameworksBuildPhase section */
		A8FD5A4F290A5AC900BC4033 /* Frameworks */ = {
			isa = PBXFrameworksBuildPhase;
			buildActionMask = 2147483647;
			files = (
				A8E98E76292394450031B854 /* CoreLocation.framework in Frameworks */,
				226AB1344047EE5AA81C1896 /* Pods_MealPicker.framework in Frameworks */,
			);
			runOnlyForDeploymentPostprocessing = 0;
		};
/* End PBXFrameworksBuildPhase section */

/* Begin PBXGroup section */
		1EE1822E2C903C1D0EF3DAC6 /* Frameworks */ = {
			isa = PBXGroup;
			children = (
				A8E98E75292394450031B854 /* CoreLocation.framework */,
				FB8CAB3984EB95DB62AFBAC9 /* Pods_MealPicker.framework */,
			);
			name = Frameworks;
			sourceTree = "<group>";
		};
		A8FD5A49290A5AC900BC4033 = {
			isa = PBXGroup;
			children = (
				A883B7B62910EAE90008808B /* .swiftlint.yml */,
				A8FD5A54290A5AC900BC4033 /* MealPicker */,
				A8FD5A53290A5AC900BC4033 /* Products */,
				FD992FD745844BBF14ADD2CA /* Pods */,
				1EE1822E2C903C1D0EF3DAC6 /* Frameworks */,
			);
			sourceTree = "<group>";
		};
		A8FD5A53290A5AC900BC4033 /* Products */ = {
			isa = PBXGroup;
			children = (
				A8FD5A52290A5AC900BC4033 /* MealPicker.app */,
			);
			name = Products;
			sourceTree = "<group>";
		};
		A8FD5A54290A5AC900BC4033 /* MealPicker */ = {
			isa = PBXGroup;
			children = (
				A8A3E6D9291A0E6900EA68B7 /* result_pop.json */,
				A8CBE33E2939A32400A1593E /* reroll_pop.json */,
				A8CBE3402939A32F00A1593E /* loading_cooking.json */,
				A8CBE3412939A32F00A1593E /* loading_cooking2.json */,
				A8CBE3422939A32F00A1593E /* loading_thinking.json */,
				A86C7E5E290F913300B971F8 /* FoodList.csv */,
				A8FD5A55290A5AC900BC4033 /* AppDelegate.swift */,
				A8FD5A57290A5AC900BC4033 /* SceneDelegate.swift */,
				A8FD5A5B290A5AC900BC4033 /* Main.storyboard */,
				A8FD5A5E290A5ACA00BC4033 /* Assets.xcassets */,
				A8FD5A60290A5ACA00BC4033 /* LaunchScreen.storyboard */,
				A8FD5A63290A5ACA00BC4033 /* Info.plist */,
				A856760C290D05E2007F8861 /* FoodDetail.swift */,
				A8FD5A59290A5AC900BC4033 /* ViewController.swift */,
				A8CBE3462939BA4300A1593E /* InfoViewController.swift */,
				A883B7C229117B110008808B /* RoundImageView.swift */,
				A87DB4D02916747900714BAC /* OptionViewController.swift */,
				A883B7BA291105650008808B /* TwoOptionsViewController.swift */,
				A883B7C62914C5F00008808B /* ThreeOptionsViewController.swift */,
				A883B7C82914D3900008808B /* FourOptionsViewController.swift */,
				A883B7CA2914D9D80008808B /* FiveOptionsViewController.swift */,
				A879D87D2914EB90001EEC62 /* LoadingViewController.swift */,
				A879D87F2914EF81001EEC62 /* ResultViewController.swift */,
			);
			path = MealPicker;
			sourceTree = "<group>";
		};
		FD992FD745844BBF14ADD2CA /* Pods */ = {
			isa = PBXGroup;
			children = (
				6B14FFBF5CEFF413B9AB8763 /* Pods-MealPicker.debug.xcconfig */,
				72E7DFE80BAE13AF4F523323 /* Pods-MealPicker.release.xcconfig */,
			);
			path = Pods;
			sourceTree = "<group>";
		};
/* End PBXGroup section */

/* Begin PBXNativeTarget section */
		A8FD5A51290A5AC900BC4033 /* MealPicker */ = {
			isa = PBXNativeTarget;
			buildConfigurationList = A8FD5A66290A5ACA00BC4033 /* Build configuration list for PBXNativeTarget "MealPicker" */;
			buildPhases = (
				53DA0BE82F3A9CC7877B68C8 /* [CP] Check Pods Manifest.lock */,
				A86C7E6C2910E96E00B971F8 /* ShellScript */,
				A8FD5A4E290A5AC900BC4033 /* Sources */,
				A8FD5A4F290A5AC900BC4033 /* Frameworks */,
				A8FD5A50290A5AC900BC4033 /* Resources */,
				0C2E92D10170A5203687A535 /* [CP] Embed Pods Frameworks */,
			);
			buildRules = (
			);
			dependencies = (
			);
			name = MealPicker;
			productName = MealPicker;
			productReference = A8FD5A52290A5AC900BC4033 /* MealPicker.app */;
			productType = "com.apple.product-type.application";
		};
/* End PBXNativeTarget section */

/* Begin PBXProject section */
		A8FD5A4A290A5AC900BC4033 /* Project object */ = {
			isa = PBXProject;
			attributes = {
				BuildIndependentTargetsInParallel = 1;
				LastSwiftUpdateCheck = 1400;
				LastUpgradeCheck = 1400;
				TargetAttributes = {
					A8FD5A51290A5AC900BC4033 = {
						CreatedOnToolsVersion = 14.0.1;
					};
				};
			};
			buildConfigurationList = A8FD5A4D290A5AC900BC4033 /* Build configuration list for PBXProject "MealPicker" */;
			compatibilityVersion = "Xcode 14.0";
			developmentRegion = en;
			hasScannedForEncodings = 0;
			knownRegions = (
				en,
				Base,
			);
			mainGroup = A8FD5A49290A5AC900BC4033;
			productRefGroup = A8FD5A53290A5AC900BC4033 /* Products */;
			projectDirPath = "";
			projectRoot = "";
			targets = (
				A8FD5A51290A5AC900BC4033 /* MealPicker */,
			);
		};
/* End PBXProject section */

/* Begin PBXResourcesBuildPhase section */
		A8FD5A50290A5AC900BC4033 /* Resources */ = {
			isa = PBXResourcesBuildPhase;
			buildActionMask = 2147483647;
			files = (
				A8CBE3442939A32F00A1593E /* loading_cooking2.json in Resources */,
				A883B7B72910EAE90008808B /* .swiftlint.yml in Resources */,
				A8CBE33F2939A32500A1593E /* reroll_pop.json in Resources */,
				A8FD5A62290A5ACA00BC4033 /* LaunchScreen.storyboard in Resources */,
				A8CBE3432939A32F00A1593E /* loading_cooking.json in Resources */,
				A8A3E6DA291A0E6A00EA68B7 /* result_pop.json in Resources */,
				A8FD5A5F290A5ACA00BC4033 /* Assets.xcassets in Resources */,
				A86C7E5F290F913300B971F8 /* FoodList.csv in Resources */,
				A8CBE3452939A32F00A1593E /* loading_thinking.json in Resources */,
				A8FD5A5D290A5AC900BC4033 /* Main.storyboard in Resources */,
			);
			runOnlyForDeploymentPostprocessing = 0;
		};
/* End PBXResourcesBuildPhase section */

/* Begin PBXShellScriptBuildPhase section */
		0C2E92D10170A5203687A535 /* [CP] Embed Pods Frameworks */ = {
			isa = PBXShellScriptBuildPhase;
			buildActionMask = 2147483647;
			files = (
			);
			inputFileListPaths = (
				"${PODS_ROOT}/Target Support Files/Pods-MealPicker/Pods-MealPicker-frameworks-${CONFIGURATION}-input-files.xcfilelist",
			);
			name = "[CP] Embed Pods Frameworks";
			outputFileListPaths = (
				"${PODS_ROOT}/Target Support Files/Pods-MealPicker/Pods-MealPicker-frameworks-${CONFIGURATION}-output-files.xcfilelist",
			);
			runOnlyForDeploymentPostprocessing = 0;
			shellPath = /bin/sh;
			shellScript = "\"${PODS_ROOT}/Target Support Files/Pods-MealPicker/Pods-MealPicker-frameworks.sh\"\n";
			showEnvVarsInLog = 0;
		};
		53DA0BE82F3A9CC7877B68C8 /* [CP] Check Pods Manifest.lock */ = {
			isa = PBXShellScriptBuildPhase;
			buildActionMask = 2147483647;
			files = (
			);
			inputFileListPaths = (
			);
			inputPaths = (
				"${PODS_PODFILE_DIR_PATH}/Podfile.lock",
				"${PODS_ROOT}/Manifest.lock",
			);
			name = "[CP] Check Pods Manifest.lock";
			outputFileListPaths = (
			);
			outputPaths = (
				"$(DERIVED_FILE_DIR)/Pods-MealPicker-checkManifestLockResult.txt",
			);
			runOnlyForDeploymentPostprocessing = 0;
			shellPath = /bin/sh;
			shellScript = "diff \"${PODS_PODFILE_DIR_PATH}/Podfile.lock\" \"${PODS_ROOT}/Manifest.lock\" > /dev/null\nif [ $? != 0 ] ; then\n    # print error to STDERR\n    echo \"error: The sandbox is not in sync with the Podfile.lock. Run 'pod install' or update your CocoaPods installation.\" >&2\n    exit 1\nfi\n# This output is used by Xcode 'outputs' to avoid re-running this script phase.\necho \"SUCCESS\" > \"${SCRIPT_OUTPUT_FILE_0}\"\n";
			showEnvVarsInLog = 0;
		};
		A86C7E6C2910E96E00B971F8 /* ShellScript */ = {
			isa = PBXShellScriptBuildPhase;
			alwaysOutOfDate = 1;
			buildActionMask = 2147483647;
			files = (
			);
			inputFileListPaths = (
			);
			inputPaths = (
			);
			outputFileListPaths = (
			);
			outputPaths = (
			);
			runOnlyForDeploymentPostprocessing = 0;
			shellPath = /bin/sh;
			shellScript = "#!/bin/bash\n# Type a script or drag a script file from your workspace to insert its path.\nexport PATH=\"$PATH:/opt/homebrew/bin\"\nif which swiftlint >/dev/null; then\n    swiftlint\nelse\n    echo \"wearning: SwiftLint not installed, download from https://github.com/realm/SwiftLint\"\nfi\n";
		};
/* End PBXShellScriptBuildPhase section */

/* Begin PBXSourcesBuildPhase section */
		A8FD5A4E290A5AC900BC4033 /* Sources */ = {
			isa = PBXSourcesBuildPhase;
			buildActionMask = 2147483647;
			files = (
				A883B7CB2914D9D80008808B /* FiveOptionsViewController.swift in Sources */,
				A8FD5A5A290A5AC900BC4033 /* ViewController.swift in Sources */,
				A883B7C92914D3900008808B /* FourOptionsViewController.swift in Sources */,
				A883B7C72914C5F00008808B /* ThreeOptionsViewController.swift in Sources */,
				A8FD5A56290A5AC900BC4033 /* AppDelegate.swift in Sources */,
				A87DB4D12916747900714BAC /* OptionViewController.swift in Sources */,
				A856760D290D05E2007F8861 /* FoodDetail.swift in Sources */,
				A883B7BB291105650008808B /* TwoOptionsViewController.swift in Sources */,
				A879D87E2914EB90001EEC62 /* LoadingViewController.swift in Sources */,
				A8CBE3472939BA4300A1593E /* InfoViewController.swift in Sources */,
				A8FD5A58290A5AC900BC4033 /* SceneDelegate.swift in Sources */,
				A883B7C329117B110008808B /* RoundImageView.swift in Sources */,
				A879D8802914EF81001EEC62 /* ResultViewController.swift in Sources */,
			);
			runOnlyForDeploymentPostprocessing = 0;
		};
/* End PBXSourcesBuildPhase section */

/* Begin PBXVariantGroup section */
		A8FD5A5B290A5AC900BC4033 /* Main.storyboard */ = {
			isa = PBXVariantGroup;
			children = (
				A8FD5A5C290A5AC900BC4033 /* Base */,
			);
			name = Main.storyboard;
			sourceTree = "<group>";
		};
		A8FD5A60290A5ACA00BC4033 /* LaunchScreen.storyboard */ = {
			isa = PBXVariantGroup;
			children = (
				A8FD5A61290A5ACA00BC4033 /* Base */,
			);
			name = LaunchScreen.storyboard;
			sourceTree = "<group>";
		};
/* End PBXVariantGroup section */

/* Begin XCBuildConfiguration section */
		A8FD5A64290A5ACA00BC4033 /* Debug */ = {
			isa = XCBuildConfiguration;
			buildSettings = {
				ALWAYS_SEARCH_USER_PATHS = NO;
				CLANG_ANALYZER_NONNULL = YES;
				CLANG_ANALYZER_NUMBER_OBJECT_CONVERSION = YES_AGGRESSIVE;
				CLANG_CXX_LANGUAGE_STANDARD = "gnu++20";
				CLANG_ENABLE_MODULES = YES;
				CLANG_ENABLE_OBJC_ARC = NO;
				CLANG_ENABLE_OBJC_WEAK = YES;
				CLANG_WARN_BLOCK_CAPTURE_AUTORELEASING = YES;
				CLANG_WARN_BOOL_CONVERSION = YES;
				CLANG_WARN_COMMA = YES;
				CLANG_WARN_CONSTANT_CONVERSION = YES;
				CLANG_WARN_DEPRECATED_OBJC_IMPLEMENTATIONS = YES;
				CLANG_WARN_DIRECT_OBJC_ISA_USAGE = YES_ERROR;
				CLANG_WARN_DOCUMENTATION_COMMENTS = YES;
				CLANG_WARN_EMPTY_BODY = YES;
				CLANG_WARN_ENUM_CONVERSION = YES;
				CLANG_WARN_INFINITE_RECURSION = YES;
				CLANG_WARN_INT_CONVERSION = YES;
				CLANG_WARN_NON_LITERAL_NULL_CONVERSION = YES;
				CLANG_WARN_OBJC_IMPLICIT_RETAIN_SELF = YES;
				CLANG_WARN_OBJC_LITERAL_CONVERSION = YES;
				CLANG_WARN_OBJC_ROOT_CLASS = YES_ERROR;
				CLANG_WARN_QUOTED_INCLUDE_IN_FRAMEWORK_HEADER = YES;
				CLANG_WARN_RANGE_LOOP_ANALYSIS = YES;
				CLANG_WARN_STRICT_PROTOTYPES = YES;
				CLANG_WARN_SUSPICIOUS_MOVE = YES;
				CLANG_WARN_UNGUARDED_AVAILABILITY = YES_AGGRESSIVE;
				CLANG_WARN_UNREACHABLE_CODE = YES;
				CLANG_WARN__DUPLICATE_METHOD_MATCH = YES;
				COPY_PHASE_STRIP = NO;
				DEBUG_INFORMATION_FORMAT = dwarf;
				ENABLE_STRICT_OBJC_MSGSEND = YES;
				ENABLE_TESTABILITY = YES;
				GCC_C_LANGUAGE_STANDARD = gnu11;
				GCC_DYNAMIC_NO_PIC = NO;
				GCC_NO_COMMON_BLOCKS = YES;
				GCC_OPTIMIZATION_LEVEL = 0;
				GCC_PREPROCESSOR_DEFINITIONS = (
					"DEBUG=1",
					"$(inherited)",
				);
				GCC_WARN_64_TO_32_BIT_CONVERSION = YES;
				GCC_WARN_ABOUT_RETURN_TYPE = YES_ERROR;
				GCC_WARN_UNDECLARED_SELECTOR = YES;
				GCC_WARN_UNINITIALIZED_AUTOS = YES_AGGRESSIVE;
				GCC_WARN_UNUSED_FUNCTION = YES;
				GCC_WARN_UNUSED_VARIABLE = YES;
				IPHONEOS_DEPLOYMENT_TARGET = 15.0;
				MTL_ENABLE_DEBUG_INFO = INCLUDE_SOURCE;
				MTL_FAST_MATH = YES;
				ONLY_ACTIVE_ARCH = YES;
				SDKROOT = iphoneos;
				SWIFT_ACTIVE_COMPILATION_CONDITIONS = DEBUG;
				SWIFT_OPTIMIZATION_LEVEL = "-Onone";
			};
			name = Debug;
		};
		A8FD5A65290A5ACA00BC4033 /* Release */ = {
			isa = XCBuildConfiguration;
			buildSettings = {
				ALWAYS_SEARCH_USER_PATHS = NO;
				CLANG_ANALYZER_NONNULL = YES;
				CLANG_ANALYZER_NUMBER_OBJECT_CONVERSION = YES_AGGRESSIVE;
				CLANG_CXX_LANGUAGE_STANDARD = "gnu++20";
				CLANG_ENABLE_MODULES = YES;
				CLANG_ENABLE_OBJC_ARC = NO;
				CLANG_ENABLE_OBJC_WEAK = YES;
				CLANG_WARN_BLOCK_CAPTURE_AUTORELEASING = YES;
				CLANG_WARN_BOOL_CONVERSION = YES;
				CLANG_WARN_COMMA = YES;
				CLANG_WARN_CONSTANT_CONVERSION = YES;
				CLANG_WARN_DEPRECATED_OBJC_IMPLEMENTATIONS = YES;
				CLANG_WARN_DIRECT_OBJC_ISA_USAGE = YES_ERROR;
				CLANG_WARN_DOCUMENTATION_COMMENTS = YES;
				CLANG_WARN_EMPTY_BODY = YES;
				CLANG_WARN_ENUM_CONVERSION = YES;
				CLANG_WARN_INFINITE_RECURSION = YES;
				CLANG_WARN_INT_CONVERSION = YES;
				CLANG_WARN_NON_LITERAL_NULL_CONVERSION = YES;
				CLANG_WARN_OBJC_IMPLICIT_RETAIN_SELF = YES;
				CLANG_WARN_OBJC_LITERAL_CONVERSION = YES;
				CLANG_WARN_OBJC_ROOT_CLASS = YES_ERROR;
				CLANG_WARN_QUOTED_INCLUDE_IN_FRAMEWORK_HEADER = YES;
				CLANG_WARN_RANGE_LOOP_ANALYSIS = YES;
				CLANG_WARN_STRICT_PROTOTYPES = YES;
				CLANG_WARN_SUSPICIOUS_MOVE = YES;
				CLANG_WARN_UNGUARDED_AVAILABILITY = YES_AGGRESSIVE;
				CLANG_WARN_UNREACHABLE_CODE = YES;
				CLANG_WARN__DUPLICATE_METHOD_MATCH = YES;
				COPY_PHASE_STRIP = NO;
				DEBUG_INFORMATION_FORMAT = "dwarf-with-dsym";
				ENABLE_NS_ASSERTIONS = NO;
				ENABLE_STRICT_OBJC_MSGSEND = YES;
				GCC_C_LANGUAGE_STANDARD = gnu11;
				GCC_NO_COMMON_BLOCKS = YES;
				GCC_WARN_64_TO_32_BIT_CONVERSION = YES;
				GCC_WARN_ABOUT_RETURN_TYPE = YES_ERROR;
				GCC_WARN_UNDECLARED_SELECTOR = YES;
				GCC_WARN_UNINITIALIZED_AUTOS = YES_AGGRESSIVE;
				GCC_WARN_UNUSED_FUNCTION = YES;
				GCC_WARN_UNUSED_VARIABLE = YES;
				IPHONEOS_DEPLOYMENT_TARGET = 15.0;
				MTL_ENABLE_DEBUG_INFO = NO;
				MTL_FAST_MATH = YES;
				SDKROOT = iphoneos;
				SWIFT_COMPILATION_MODE = wholemodule;
				SWIFT_OPTIMIZATION_LEVEL = "-O";
				VALIDATE_PRODUCT = YES;
			};
			name = Release;
		};
		A8FD5A67290A5ACA00BC4033 /* Debug */ = {
			isa = XCBuildConfiguration;
			baseConfigurationReference = 6B14FFBF5CEFF413B9AB8763 /* Pods-MealPicker.debug.xcconfig */;
			buildSettings = {
				ASSETCATALOG_COMPILER_APPICON_NAME = AppIcon;
				ASSETCATALOG_COMPILER_GLOBAL_ACCENT_COLOR_NAME = AccentColor;
				CODE_SIGN_STYLE = Automatic;
				CURRENT_PROJECT_VERSION = 1;
				DEVELOPMENT_TEAM = R2GZZFQ97T;
				FRAMEWORK_SEARCH_PATHS = "$(inherited)";
				GENERATE_INFOPLIST_FILE = YES;
				INFOPLIST_FILE = MealPicker/Info.plist;
				INFOPLIST_KEY_CFBundleDisplayName = "뭐먹";
				INFOPLIST_KEY_UIApplicationSupportsIndirectInputEvents = YES;
				INFOPLIST_KEY_UILaunchStoryboardName = LaunchScreen;
				INFOPLIST_KEY_UIMainStoryboardFile = Main;
				INFOPLIST_KEY_UISupportedInterfaceOrientations_iPad = "UIInterfaceOrientationPortrait UIInterfaceOrientationPortraitUpsideDown UIInterfaceOrientationLandscapeLeft UIInterfaceOrientationLandscapeRight";
				INFOPLIST_KEY_UISupportedInterfaceOrientations_iPhone = "UIInterfaceOrientationPortrait UIInterfaceOrientationLandscapeLeft UIInterfaceOrientationLandscapeRight";
				IPHONEOS_DEPLOYMENT_TARGET = 15.0;
				LD_RUNPATH_SEARCH_PATHS = (
					"$(inherited)",
					"@executable_path/Frameworks",
				);
				MARKETING_VERSION = 1.0;
				PRODUCT_BUNDLE_IDENTIFIER = com.bammoothe.MealPicker;
				PRODUCT_NAME = "$(TARGET_NAME)";
				SUPPORTED_PLATFORMS = "iphoneos iphonesimulator";
				SUPPORTS_MACCATALYST = NO;
				SUPPORTS_MAC_DESIGNED_FOR_IPHONE_IPAD = NO;
				SWIFT_EMIT_LOC_STRINGS = YES;
				SWIFT_VERSION = 5.0;
				TARGETED_DEVICE_FAMILY = 1;
			};
			name = Debug;
		};
		A8FD5A68290A5ACA00BC4033 /* Release */ = {
			isa = XCBuildConfiguration;
			baseConfigurationReference = 72E7DFE80BAE13AF4F523323 /* Pods-MealPicker.release.xcconfig */;
			buildSettings = {
				ASSETCATALOG_COMPILER_APPICON_NAME = AppIcon;
				ASSETCATALOG_COMPILER_GLOBAL_ACCENT_COLOR_NAME = AccentColor;
				CODE_SIGN_STYLE = Automatic;
				CURRENT_PROJECT_VERSION = 1;
				DEVELOPMENT_TEAM = R2GZZFQ97T;
				FRAMEWORK_SEARCH_PATHS = "$(inherited)";
				GENERATE_INFOPLIST_FILE = YES;
				INFOPLIST_FILE = MealPicker/Info.plist;
				INFOPLIST_KEY_CFBundleDisplayName = "뭐먹";
				INFOPLIST_KEY_UIApplicationSupportsIndirectInputEvents = YES;
				INFOPLIST_KEY_UILaunchStoryboardName = LaunchScreen;
				INFOPLIST_KEY_UIMainStoryboardFile = Main;
				INFOPLIST_KEY_UISupportedInterfaceOrientations_iPad = "UIInterfaceOrientationPortrait UIInterfaceOrientationPortraitUpsideDown UIInterfaceOrientationLandscapeLeft UIInterfaceOrientationLandscapeRight";
				INFOPLIST_KEY_UISupportedInterfaceOrientations_iPhone = "UIInterfaceOrientationPortrait UIInterfaceOrientationLandscapeLeft UIInterfaceOrientationLandscapeRight";
				IPHONEOS_DEPLOYMENT_TARGET = 15.0;
				LD_RUNPATH_SEARCH_PATHS = (
					"$(inherited)",
					"@executable_path/Frameworks",
				);
				MARKETING_VERSION = 1.0;
				PRODUCT_BUNDLE_IDENTIFIER = com.bammoothe.MealPicker;
				PRODUCT_NAME = "$(TARGET_NAME)";
				SUPPORTED_PLATFORMS = "iphoneos iphonesimulator";
				SUPPORTS_MACCATALYST = NO;
				SUPPORTS_MAC_DESIGNED_FOR_IPHONE_IPAD = NO;
				SWIFT_EMIT_LOC_STRINGS = YES;
				SWIFT_VERSION = 5.0;
				TARGETED_DEVICE_FAMILY = 1;
			};
			name = Release;
		};
/* End XCBuildConfiguration section */

/* Begin XCConfigurationList section */
		A8FD5A4D290A5AC900BC4033 /* Build configuration list for PBXProject "MealPicker" */ = {
			isa = XCConfigurationList;
			buildConfigurations = (
				A8FD5A64290A5ACA00BC4033 /* Debug */,
				A8FD5A65290A5ACA00BC4033 /* Release */,
			);
			defaultConfigurationIsVisible = 0;
			defaultConfigurationName = Release;
		};
		A8FD5A66290A5ACA00BC4033 /* Build configuration list for PBXNativeTarget "MealPicker" */ = {
			isa = XCConfigurationList;
			buildConfigurations = (
				A8FD5A67290A5ACA00BC4033 /* Debug */,
				A8FD5A68290A5ACA00BC4033 /* Release */,
			);
			defaultConfigurationIsVisible = 0;
			defaultConfigurationName = Release;
		};
/* End XCConfigurationList section */
	};
	rootObject = A8FD5A4A290A5AC900BC4033 /* Project object */;
}
